# This file is automatically @generated by Cargo.
# It is not intended for manual editing.
version = 4

[[package]]
name = "open-esp-radio"
version = "0.1.0"
dependencies = [
 "open-esp-radio-hal-esp32s31",
 "open-esp-radio-mac-esp32s31",
 "open-esp-radio-pac-esp32s31",
 "open-esp-radio-phy-esp32s31",
]

[[package]]
name = "open-esp-radio-hal-esp32s31"
version = "0.1.0"
dependencies = [
 "open-esp-radio-pac-esp32s31",
]

[[package]]
name = "open-esp-radio-mac-esp32s31"
version = "0.1.0"
dependencies = [
 "open-esp-radio-pac-esp32s31",
]

[[package]]
name = "open-esp-radio-pac-esp32s31"
version = "0.1.0"

[[package]]
name = "open-esp-radio-phy-esp32s31"
version = "0.1.0"
dependencies = [
 "open-esp-radio-hal-esp32s31",
]
