# SHA-256 identity of the ignored binary evidence used by the ESP32-S31
# reverse-engineering and vendor-oracle workflows. Paths are repository-root
# relative. Update only when the oracle input version intentionally changes.
d01bde81d9b3806e37ef1d9ac3b58af4f5b3d91eeef4f44d20e79d6a9f227542  _oracles/esp32s31_rev0_rom.elf
62dbe7216619d1f1e3dcd51233d91b211add15c7c746851af0be6a632cdae195  _oracles/libble_app.a
d3ea92e80bb60805d86a7bc831d52cb8b4c408d0ba9fe4425c88b6f03dca2093  _oracles/libbredr_app.a
ebd67c6a32081d0fcd143bbb0ed53f962fc587058e20eceb59012beae47528df  _oracles/libbtbb.a
fa22a8a2aca48b807addda2bbad78868d6774c82bcdeb8090f9140f6cbccd099  _oracles/libbtdm_common.a
9b8f55b1a1670ac8da1323595c817eca7340f073e783c162d3a2dfde7bbd19c8  _oracles/libcoexist.a
6836c8a7f9758e4a648cfcd5f3f0559aef5b89849c80217ec36f12d1fdb2982c  _oracles/libcore.a
4d81c4c53232b00000db9217ab70a521780c897d66227fce090733e2d3d60907  _oracles/libespnow.a
dcbd0817079e02531cf7078573de6677b5eb83ff751ba1bf0a4be969c6207c93  _oracles/libmbedcrypto.a
d9da1f0d9a3fbba8fc7071c73f53bc3a8897c628709afd0760b53dc8307bbffa  _oracles/libmbedx509.a
f38ee68c770b5b7d9ecbc34625307c6d2bfae615d7f11f33e3e5bd307294f65c  _oracles/libmesh.a
92550813de20ed0d51110dbd72b646e891a86a8a2f81fa53714ebf2ebf9c8f40  _oracles/libnet80211.a
51497819736295c9b33d6775495dade4c6fb39db887edfe095608c670d9ae223  _oracles/libphy.a
f863c65c3ed89cf5d2a2cbe0d6bca3b783ca35788a704bb68e13958e4b94958e  _oracles/libpp.a
dec0974179c54e465e018c4a7dc1ca6ec8821e21756452c14976ee71fd9ef685  _oracles/libprintf.a
81c3ff55c3eef8d05df45e2c056b2a38d08a4f131bf86232e7779a715c9c11d7  _oracles/libregulatory.a
65235fdfc34f872e8cb175ca4887a84b52882aff8e60bc9020b2f73ebdc98049  _oracles/libsmartconfig.a
6539f51b10cf796e7466a5fe5d5a3202e7f685d0f24441a27e982913e805a323  _oracles/libwapi.a
44b0ce50100deb959c6534ffe2b5cdc22d180a9e291f86886b992d65f75fb429  _oracles/libwifi_support.a
f1c03da6047ccc5a9dca67d69d9c260ef711bea5119c9a451728c560e4eb34e3  _oracles/libwpa_supplicant.a
