# The HIL wire of this revision. Regenerate with
# `OER_HIL_PROTOCOL_LOCK=write cargo test -p oer-hil-protocol --features registry --test registry`.
framing 2
[modules]
base
bluetooth base system
ieee802154 base
network base system wifi
phy base
system
telemetry
wifi base
[messages]
base/accepted 1ac686128bebf3dd topic
base/boot 472a6c8ee83e5591 topic
base/boot/get 26ffe1f703e77a0f endpoint
base/hello 8e2dcdd3a6a11774 topic
base/hello/get c394eef0bb216fb5 endpoint
base/image-keys c080126d58dbddbb topic
base/image-keys/get 45176bd69cd3a2e0 endpoint
base/link-health 61450aa5777ec66c topic
base/link-health/get 0dd30f36b23d5822 endpoint
base/post-mortem 8fb903806319fddc topic
base/post-mortem/get f38ae4a399d00557 endpoint
base/rejected 00baffc41eab75e2 topic
bluetooth/dtm dd1a149b13f19aea property
bluetooth/dtm/result 17a74c1cc443c957 topic
bluetooth/dtm/run a0360c5cd980786a endpoint
bluetooth/gatt 3baf52b29a3c1fdb property
bluetooth/gatt/get 2b9030162a84d0ee endpoint
bluetooth/gatt/state fedccde5556d064e topic
bluetooth/hci 7f96e7fbcb5e2f2b property
bluetooth/hci/exchange cf3f377fd51db876 endpoint
bluetooth/hci/response 638f5bc4bfa0329b topic
bluetooth/secure-gatt 60dd851aa141d13f property
bluetooth/secure-gatt/confirm 6f01f85ff04bab22 endpoint
bluetooth/secure-gatt/decision-recorded 6da4adf8780e060d topic
bluetooth/secure-gatt/fail-next-bond-load 201d649f0d46600d endpoint
bluetooth/secure-gatt/fail-reset-read 188ba3fa6c7e3873 endpoint
bluetooth/secure-gatt/get f5579bf2e39fd802 endpoint
bluetooth/secure-gatt/reset-read-gate 250714b9c2e59972 endpoint
bluetooth/secure-gatt/restart 9893ab9bb04be571 endpoint
bluetooth/secure-gatt/state 11fc2307ae9cffe5 topic
ieee802154/air-check ef773ade6e47ea50 property
ieee802154/air-check/completed c3f77ea39d85ea7d topic
ieee802154/air-check/run 3df68cf5054aab7c endpoint
ieee802154/ed-event-probe 07ba0768d36946ea property
ieee802154/ed-event/probe 996a3a2c586e571d endpoint
ieee802154/ed-event/probed daa0c9f319fbd8ff topic
ieee802154/event-status-probe 4f3b8f083fec5d7d property
ieee802154/event-status/probe 4c83ec3259d36e1a endpoint
ieee802154/event-status/probed ef5f59091325ade1 topic
ieee802154/mac-trace b53047517efad896 property
ieee802154/route-probe 8d7810c66b58ac45 property
ieee802154/route/probe ce75f8c241d17b6e endpoint
ieee802154/route/probed 3674d4b7db90a546 topic
ieee802154/session 048db0526dce311f property
ieee802154/session/channel/assess 0d0edbad65224b98 endpoint
ieee802154/session/channel/assessed cb65d98990be9a49 topic
ieee802154/session/collect ad3f1c8c2119d90c endpoint
ieee802154/session/pending/set e18d32cc8e4226e3 endpoint
ieee802154/session/phy/maintain 0e6eb5af7936afe3 endpoint
ieee802154/session/phy/maintained c9625cb9301df109 topic
ieee802154/session/radio/restart 7810665c0749995b endpoint
ieee802154/session/radio/restarted 755c8086257079ab topic
ieee802154/session/receive 2adb462c71d53a01 endpoint
ieee802154/session/received 5cd1cc4e7bd74c6c topic
ieee802154/session/recent-rssi 016d4ee22fdf68b8 topic
ieee802154/session/recent-rssi/read 40c8cab60857cbf6 endpoint
ieee802154/session/start f9e5616ac796b67f endpoint
ieee802154/session/started fdd3fe378553cfee topic
ieee802154/session/stop 997e4dd6cd1d0498 endpoint
ieee802154/session/stopped 7c0938140a9404b5 topic
ieee802154/session/transmit 82c7b466e2dd8019 endpoint
ieee802154/session/transmitted b75c4d8411e51293 topic
ieee802154/thread 8005295a6c717547 property
ieee802154/thread/collect 2d087378b2fcd834 endpoint
ieee802154/thread/get be56c0722843325a endpoint
ieee802154/thread/received bacdc4e46b37cef9 topic
ieee802154/thread/send fd39fcc56abb1aea endpoint
ieee802154/thread/sent 1e10eb2454940f69 topic
ieee802154/thread/start 13e2af23358b892e endpoint
ieee802154/thread/started ccaf2cce959db216 topic
ieee802154/thread/state 03847897a159cdb1 topic
ieee802154/thread/stop b4ec9c1ea549f190 endpoint
ieee802154/thread/stopped 6ab176b449ba35e6 topic
network/bidirectional b6817e1d148a8246 property
network/data-plane-placement 880e961aa58a91dc property
network/ready d57982baa9a27831 topic
network/runtime-configuration 80d9410d4730af36 property
network/rx 4fe48d19d7020c71 property
network/rx-delivery-evidence 7c45c7e5d5c356ac property
network/scheduler-evidence 759210e7665d74d4 property
network/service/ready 8f749642585cb71a topic
network/session/arm cc0e3f4201755cd8 endpoint
network/session/cancel 8b66718b41b66b3a endpoint
network/session/configure 9bb753b11758b09e endpoint
network/session/evidence f77bba8070bc4813 topic
network/session/failed d8f73091a4e96394 topic
network/session/finished 143d79baf65edd89 topic
network/session/ready 2b5a9e3b088969ad topic
network/session/recover ea5843933f6840c6 endpoint
network/session/result/acknowledge e253374962713a76 endpoint
network/session/result/replay 286d8210c080c3f9 endpoint
network/session/start aa6a7ac468793596 endpoint
network/session/state 9a8b61f6c982e0a0 topic
network/session/status 0265fde1b70e5f46 topic
network/session/status/get e9b466ccda5dc44b endpoint
network/session/udp-rx-started a11ae7c56b7473e9 topic
network/structured-evidence e380cec1338cf48a property
network/tcp adc6e3d733d9a41e property
network/tx 3defbb19cca99df7 property
network/udp ccf606e215dfb376 property
network/udp-multi-flow 8bb6cec70ec1525d property
phy/analog-image/bytes 30518bae8aff1851 topic
phy/analog-image/read a5e51fb2610df9cf endpoint
phy/fault-injection 9a7847427676328c property
phy/fault/control 429c6820a65f6d48 endpoint
phy/fault/state e129357570a57835 topic
phy/register-image dcad82a0f37dc3d5 property
phy/register-image/read c161a1a8b8c217c8 endpoint
phy/register-image/words 107dfbef461314fe topic
phy/rx-hot-sram ae6a53ed46b01458 property
phy/startup-artifact e19bebb242ac5508 property
phy/startup-artifact/part f9009c10dff8abb5 topic
phy/startup-artifact/ready c1d6ed78910cefdc topic
phy/startup-artifact/upload d719a6e460b8c641 endpoint
phy/tracking/control 36c987e42b3ce69a endpoint
phy/tracking/state b95b96002f5ea5d3 topic
system/hang/inject 2a42c5b154094a25 endpoint
system/hang/injected ab4b470f0e8147f6 topic
system/interrupt-stacks cc93bc9290533df4 topic
system/interrupt-stacks/get 651c27a44d5bc802 endpoint
system/ipc-call 2d19c0acb90b2ce9 property
system/ipc/call 89ef451b0d9c998b endpoint
system/ipc/called c05bc9a934183a5d topic
system/memory-benchmark 6490d78e1fedac51 property
system/memory-benchmark/completed 898d77a237a16f8e topic
system/memory-benchmark/run 9166cc0e5e410a17 endpoint
system/panic/inject 4a8069a58696abc1 endpoint
system/panic/injected 9f469405c60e21be topic
system/source-gate d05b7b5ab4fd2bc9 property
system/source-gate/probe 355544731c965096 endpoint
system/source-gate/probed 90ef30dc91e76718 topic
system/stacks 415930f2a651bd9c topic
system/stacks/get 3af83191bf626410 endpoint
system/timebase-probe 5e565d5e923db7c7 property
system/timebase/probe 1166b04f07380f1f endpoint
system/timebase/probed 341699ecb055fc81 topic
system/watchdog/armed ba82e77bc5b7470c topic
system/watchdog/test c9be2bd5a613156d endpoint
telemetry/core0-rx-cycles 951b7d9f4cd8314a property
telemetry/mac-irq 35b36691c4ed3a9c property
telemetry/pc-profile e65c7b940a974649 property
telemetry/profile/control ae68ada13f2e14ba endpoint
telemetry/profile/samples afa02b2ba450762d topic
telemetry/profile/samples/get 118d9de14439dfd5 endpoint
telemetry/profile/state d074cf5350d6d74e topic
telemetry/rx-clock b74b0096c5d093d5 property
telemetry/rx-ownership 7cd7c2906476e034 property
telemetry/station-exit b36c7f2cca56b5cf property
telemetry/task-poll fcc9380f19c3650f property
telemetry/trace/control 715b1a4925be3a53 endpoint
telemetry/trace/entries 243de3e765ecfc14 topic
telemetry/trace/entries/get 7729a19377cfc57c endpoint
telemetry/trace/snapshot 238cb0f59b838aed topic
telemetry/trace/snapshot/get c4c75e7467e29054 endpoint
telemetry/trace/state ff15b6ee814383f1 topic
wifi/access-point fc54708e3a37bba1 property
wifi/access-point/aggregate-fill b1a41e6ca1a90d61 topic
wifi/access-point/airtime/peer 8431f681e6483456 topic
wifi/access-point/airtime/report a5568ab0edf671c4 topic
wifi/access-point/start 4a6837ce5901b42f endpoint
wifi/access-point/started 11ab76d50e5fc395 topic
wifi/access-point/stop a3d816777c42756a endpoint
wifi/access-point/stopped 8d0283d1f26f7196 topic
wifi/driver-observation 56bbff41d89e7e5d property
wifi/initialize 17a08d12a3fba165 endpoint
wifi/initialized e28dc136e86fe706 topic
wifi/monitor-capture e801c0d8a6785363 property
wifi/monitor/capture b4bce2ff2f52ef64 endpoint
wifi/monitor/capture/completed 662db8a858097285 topic
wifi/monitor/frame d7619cfd61dd089f topic
wifi/monitor/start 33b835565eadac52 endpoint
wifi/monitor/started 3cf3fdb12eddec3c topic
wifi/monitor/stop c2b4af55d3e4c21f endpoint
wifi/monitor/stopped 964d6674e5a30762 topic
wifi/radio/restart a6e69c37326e0715 endpoint
wifi/radio/restarted f3c8408cb9ba50da topic
wifi/role-control 19df79291890467a property
wifi/role/failed 9fbde0d90a80b765 topic
wifi/role/transitioned b791cd6c129690b7 topic
wifi/runtime-initialization 50e2f030c764a5bb property
wifi/scan 1af5fc8dc0b1d601 endpoint
wifi/scan/completed 56ce65e6eb21584b topic
wifi/station-access-point 983d21f4339a181c property
wifi/station-access-point/start 5016be8f5cdfcda7 endpoint
wifi/station-access-point/stop bdfd1fa8942de861 endpoint
wifi/station-access-point/stopped 5964ae9968892df0 topic
wifi/station-epoch-control 2be4ec938d7449c8 property
wifi/station-lifecycle-events c3a1976b57a6f76d property
wifi/station/epoch/completed d3b39806204e44a2 topic
wifi/station/epoch/cycle f93465935d9839c1 endpoint
wifi/station/lifecycle e462dcf80d80a657 topic
wifi/station/start f7577d9aafde3569 endpoint
wifi/station/stop 82add8a7b5f872f9 endpoint
wifi/tx-architecture-probe 9e611d3cba8f896d property
